
Microsoft Visual Studio Solution File, Format Version 12.00
# Visual Studio 2015
Project("{FAE04EC0-301F-11D3-BF4B-00C04F79EFBC}") = "NsTmx", "NsTmx.csproj", "{0E6E9328-BE03-D32E-CC13-C641A83581C5}"
EndProject
Project("{FAE04EC0-301F-11D3-BF4B-00C04F79EFBC}") = "NsTmx.Editor", "NsTmx.Editor.csproj", "{A339AD5B-6372-B112-6BB5-9B6125B6375E}"
EndProject
Global
	GlobalSection(SolutionConfigurationPlatforms) = preSolution
		Debug|Any CPU = Debug|Any CPU
		Release|Any CPU = Release|Any CPU
	EndGlobalSection
	GlobalSection(ProjectConfigurationPlatforms) = postSolution
		{0E6E9328-BE03-D32E-CC13-C641A83581C5}.Debug|Any CPU.ActiveCfg = Debug|Any CPU
		{0E6E9328-BE03-D32E-CC13-C641A83581C5}.Debug|Any CPU.Build.0 = Debug|Any CPU
		{0E6E9328-BE03-D32E-CC13-C641A83581C5}.Release|Any CPU.ActiveCfg = Release|Any CPU
		{0E6E9328-BE03-D32E-CC13-C641A83581C5}.Release|Any CPU.Build.0 = Release|Any CPU
		{A339AD5B-6372-B112-6BB5-9B6125B6375E}.Debug|Any CPU.ActiveCfg = Debug|Any CPU
		{A339AD5B-6372-B112-6BB5-9B6125B6375E}.Debug|Any CPU.Build.0 = Debug|Any CPU
		{A339AD5B-6372-B112-6BB5-9B6125B6375E}.Release|Any CPU.ActiveCfg = Release|Any CPU
		{A339AD5B-6372-B112-6BB5-9B6125B6375E}.Release|Any CPU.Build.0 = Release|Any CPU
	EndGlobalSection
	GlobalSection(SolutionProperties) = preSolution
		HideSolutionNode = FALSE
	EndGlobalSection
EndGlobal
